{
  "name": "@pulsefinance/dex-contract",
  "version": "0.5.0",
  "lockfileVersion": 3,
  "requires": true,
  "packages": {
    "": {
      "name": "@pulsefinance/dex-contract",
      "version": "0.5.0",
      "license": "MIT",
      "dependencies": {
        "@midnight-ntwrk/compact-runtime": "0.15.0"
      },
      "devDependencies": {
        "@types/bun": "^1.3.5"
      }
    },
    "node_modules/@midnight-ntwrk/compact-runtime": {
      "version": "0.15.0",
      "resolved": "https://registry.npmjs.org/@midnight-ntwrk/compact-runtime/-/compact-runtime-0.15.0.tgz",
      "integrity": "sha512-6+odrxb83ZZwF29SqNBBgaOR3hf5ej4KZVGibDwdXta9+uiv6qYW0fMrsKP9S+c2AqvY+vEb5NEFFI54lA7G5A==",
      "license": "Apache-2.0",
      "dependencies": {
        "@midnight-ntwrk/onchain-runtime-v3": "^3.0.0",
        "@types/object-inspect": "^1.8.1",
        "object-inspect": "^1.12.3"
      }
    },
    "node_modules/@midnight-ntwrk/onchain-runtime-v3": {
      "version": "3.0.0",
      "resolved": "https://registry.npmjs.org/@midnight-ntwrk/onchain-runtime-v3/-/onchain-runtime-v3-3.0.0.tgz",
      "integrity": "sha512-HbFbUOsvgpEFy1OT0Ni2LMFk4jnMQS1em+H+Mof/B3DpnNKl0Lkx5QiulKOc6pyU4KPEagOqx4fYNyVXFwgZ7g=="
    },
    "node_modules/@types/bun": {
      "version": "1.3.13",
      "resolved": "https://registry.npmjs.org/@types/bun/-/bun-1.3.13.tgz",
      "integrity": "sha512-9fqXWk5YIHGGnUau9TEi+qdlTYDAnOj+xLCmSTwXfAIqXr2x4tytJb43E9uCvt09zJURKXwAtkoH4nLQfzeTXw==",
      "dev": true,
      "license": "MIT",
      "dependencies": {
        "bun-types": "1.3.13"
      }
    },
    "node_modules/@types/node": {
      "version": "25.6.0",
      "resolved": "https://registry.npmjs.org/@types/node/-/node-25.6.0.tgz",
      "integrity": "sha512-+qIYRKdNYJwY3vRCZMdJbPLJAtGjQBudzZzdzwQYkEPQd+PJGixUL5QfvCLDaULoLv+RhT3LDkwEfKaAkgSmNQ==",
      "dev": true,
      "license": "MIT",
      "dependencies": {
        "undici-types": "~7.19.0"
      }
    },
    "node_modules/@types/object-inspect": {
      "version": "1.13.0",
      "resolved": "https://registry.npmjs.org/@types/object-inspect/-/object-inspect-1.13.0.tgz",
      "integrity": "sha512-lwGTVESDDV+XsQ1pH4UifpJ1f7OtXzQ6QBOX2Afq2bM/T3oOt8hF6exJMjjIjtEWeAN2YAo25J7HxWh97CCz9w==",
      "license": "MIT"
    },
    "node_modules/bun-types": {
      "version": "1.3.13",
      "resolved": "https://registry.npmjs.org/bun-types/-/bun-types-1.3.13.tgz",
      "integrity": "sha512-QXKeHLlOLqQX9LgYaHJfzdBaV21T63HhFJnvuRCcjZiaUDpbs5ED1MgxbMra71CsryN/1dAoXuJJJwIv/2drVA==",
      "dev": true,
      "license": "MIT",
      "dependencies": {
        "@types/node": "*"
      }
    },
    "node_modules/object-inspect": {
      "version": "1.13.4",
      "resolved": "https://registry.npmjs.org/object-inspect/-/object-inspect-1.13.4.tgz",
      "integrity": "sha512-W67iLl4J2EXEGTbfeHCffrjDfitvLANg0UlX3wFUUSTx92KXRFegMHUVgSqE+wvhAbi4WqjGg9czysTV2Epbew==",
      "license": "MIT",
      "engines": {
        "node": ">= 0.4"
      },
      "funding": {
        "url": "https://github.com/sponsors/ljharb"
      }
    },
    "node_modules/undici-types": {
      "version": "7.19.2",
      "resolved": "https://registry.npmjs.org/undici-types/-/undici-types-7.19.2.tgz",
      "integrity": "sha512-qYVnV5OEm2AW8cJMCpdV20CDyaN3g0AjDlOGf1OW4iaDEx8MwdtChUp4zu4H0VP3nDRF/8RKWH+IPp9uW0YGZg==",
      "dev": true,
      "license": "MIT"
    }
  }
}
