lockfileVersion: '9.0'

settings:
  autoInstallPeers: true
  excludeLinksFromLockfile: false

importers:

  .:
    dependencies:
      '@midnight-ntwrk/compact-runtime':
        specifier: ^0.9.0
        version: 0.9.0
    devDependencies:
      '@types/bun':
        specifier: ^1.3.5
        version: 1.3.5

packages:

  '@midnight-ntwrk/compact-runtime@0.9.0':
    resolution: {integrity: sha512-Dsms+SWRWlaTIay4SO7ITxTJvo8lgEKkMss+dQnIZDnEoCEO5lHTSj4TckBAvyYSWm4KElN3tir/MVm5hHgfDA==}

  '@midnight-ntwrk/onchain-runtime@0.3.0':
    resolution: {integrity: sha512-vZWPoz7MhXO5UgWZET50g7APOcT5dbAfADDcrSreeOagV8lj7JJzlnYIIhrcUaMOv+NHWxPaUcJUYUkmu9LoTA==}

  '@types/bun@1.3.5':
    resolution: {integrity: sha512-RnygCqNrd3srIPEWBd5LFeUYG7plCoH2Yw9WaZGyNmdTEei+gWaHqydbaIRkIkcbXwhBT94q78QljxN0Sk838w==}

  '@types/node@25.0.3':
    resolution: {integrity: sha512-W609buLVRVmeW693xKfzHeIV6nJGGz98uCPfeXI1ELMLXVeKYZ9m15fAMSaUPBHYLGFsVRcMmSCksQOrZV9BYA==}

  '@types/object-inspect@1.13.0':
    resolution: {integrity: sha512-lwGTVESDDV+XsQ1pH4UifpJ1f7OtXzQ6QBOX2Afq2bM/T3oOt8hF6exJMjjIjtEWeAN2YAo25J7HxWh97CCz9w==}

  bun-types@1.3.5:
    resolution: {integrity: sha512-inmAYe2PFLs0SUbFOWSVD24sg1jFlMPxOjOSSCYqUgn4Hsc3rDc7dFvfVYjFPNHtov6kgUeulV4SxbuIV/stPw==}

  object-inspect@1.13.4:
    resolution: {integrity: sha512-W67iLl4J2EXEGTbfeHCffrjDfitvLANg0UlX3wFUUSTx92KXRFegMHUVgSqE+wvhAbi4WqjGg9czysTV2Epbew==}
    engines: {node: '>= 0.4'}

  undici-types@7.16.0:
    resolution: {integrity: sha512-Zz+aZWSj8LE6zoxD+xrjh4VfkIG8Ya6LvYkZqtUQGJPZjYl53ypCaUwWqo7eI0x66KBGeRo+mlBEkMSeSZ38Nw==}

snapshots:

  '@midnight-ntwrk/compact-runtime@0.9.0':
    dependencies:
      '@midnight-ntwrk/onchain-runtime': 0.3.0
      '@types/object-inspect': 1.13.0
      object-inspect: 1.13.4

  '@midnight-ntwrk/onchain-runtime@0.3.0': {}

  '@types/bun@1.3.5':
    dependencies:
      bun-types: 1.3.5

  '@types/node@25.0.3':
    dependencies:
      undici-types: 7.16.0

  '@types/object-inspect@1.13.0': {}

  bun-types@1.3.5:
    dependencies:
      '@types/node': 25.0.3

  object-inspect@1.13.4: {}

  undici-types@7.16.0: {}
