lockfileVersion: '9.0'

settings:
  autoInstallPeers: true
  excludeLinksFromLockfile: false

importers:

  .:
    dependencies:
      '@midnight-ntwrk/compact-runtime':
        specifier: 0.15.0
        version: 0.15.0
    devDependencies:
      '@types/bun':
        specifier: ^1.3.5
        version: 1.3.11

packages:

  '@midnight-ntwrk/compact-runtime@0.15.0':
    resolution: {integrity: sha512-6+odrxb83ZZwF29SqNBBgaOR3hf5ej4KZVGibDwdXta9+uiv6qYW0fMrsKP9S+c2AqvY+vEb5NEFFI54lA7G5A==}

  '@midnight-ntwrk/onchain-runtime-v3@3.0.0':
    resolution: {integrity: sha512-HbFbUOsvgpEFy1OT0Ni2LMFk4jnMQS1em+H+Mof/B3DpnNKl0Lkx5QiulKOc6pyU4KPEagOqx4fYNyVXFwgZ7g==}

  '@types/bun@1.3.11':
    resolution: {integrity: sha512-5vPne5QvtpjGpsGYXiFyycfpDF2ECyPcTSsFBMa0fraoxiQyMJ3SmuQIGhzPg2WJuWxVBoxWJ2kClYTcw/4fAg==}

  '@types/node@25.5.0':
    resolution: {integrity: sha512-jp2P3tQMSxWugkCUKLRPVUpGaL5MVFwF8RDuSRztfwgN1wmqJeMSbKlnEtQqU8UrhTmzEmZdu2I6v2dpp7XIxw==}

  '@types/object-inspect@1.13.0':
    resolution: {integrity: sha512-lwGTVESDDV+XsQ1pH4UifpJ1f7OtXzQ6QBOX2Afq2bM/T3oOt8hF6exJMjjIjtEWeAN2YAo25J7HxWh97CCz9w==}

  bun-types@1.3.11:
    resolution: {integrity: sha512-1KGPpoxQWl9f6wcZh57LvrPIInQMn2TQ7jsgxqpRzg+l0QPOFvJVH7HmvHo/AiPgwXy+/Thf6Ov3EdVn1vOabg==}

  object-inspect@1.13.4:
    resolution: {integrity: sha512-W67iLl4J2EXEGTbfeHCffrjDfitvLANg0UlX3wFUUSTx92KXRFegMHUVgSqE+wvhAbi4WqjGg9czysTV2Epbew==}
    engines: {node: '>= 0.4'}

  undici-types@7.18.2:
    resolution: {integrity: sha512-AsuCzffGHJybSaRrmr5eHr81mwJU3kjw6M+uprWvCXiNeN9SOGwQ3Jn8jb8m3Z6izVgknn1R0FTCEAP2QrLY/w==}

snapshots:

  '@midnight-ntwrk/compact-runtime@0.15.0':
    dependencies:
      '@midnight-ntwrk/onchain-runtime-v3': 3.0.0
      '@types/object-inspect': 1.13.0
      object-inspect: 1.13.4

  '@midnight-ntwrk/onchain-runtime-v3@3.0.0': {}

  '@types/bun@1.3.11':
    dependencies:
      bun-types: 1.3.11

  '@types/node@25.5.0':
    dependencies:
      undici-types: 7.18.2

  '@types/object-inspect@1.13.0': {}

  bun-types@1.3.11:
    dependencies:
      '@types/node': 25.5.0

  object-inspect@1.13.4: {}

  undici-types@7.18.2: {}
